// !$*UTF8*$!
{
	archiveVersion = 1;
	classes = {
	};
	objectVersion = 50;
	objects = {

/* Begin PBXBuildFile section */
		84ADC5EE23ED8265008CE942 /* AppDelegate.swift in Sources */ = {isa = PBXBuildFile; fileRef = 84ADC5ED23ED8265008CE942 /* AppDelegate.swift */; };
		84ADC5F023ED8265008CE942 /* SceneDelegate.swift in Sources */ = {isa = PBXBuildFile; fileRef = 84ADC5EF23ED8265008CE942 /* SceneDelegate.swift */; };
		84ADC5F223ED8265008CE942 /* ViewController.swift in Sources */ = {isa = PBXBuildFile; fileRef = 84ADC5F123ED8265008CE942 /* ViewController.swift */; };
		84ADC5F523ED8265008CE942 /* Main.storyboard in Resources */ = {isa = PBXBuildFile; fileRef = 84ADC5F323ED8265008CE942 /* Main.storyboard */; };
		84ADC5F723ED8290008CE942 /* Assets.xcassets in Resources */ = {isa = PBXBuildFile; fileRef = 84ADC5F623ED8290008CE942 /* Assets.xcassets */; };
		84ADC5FA23ED8290008CE942 /* LaunchScreen.storyboard in Resources */ = {isa = PBXBuildFile; fileRef = 84ADC5F823ED8290008CE942 /* LaunchScreen.storyboard */; };
		84ADC60223ED8466008CE942 /* 800px-Tesla_Motors.svg.png in Resources */ = {isa = PBXBuildFile; fileRef = 84ADC60123ED8465008CE942 /* 800px-Tesla_Motors.svg.png */; };
		84ADC60423ED8476008CE942 /* uF_Hhpvx.png in Resources */ = {isa = PBXBuildFile; fileRef = 84ADC60323ED8476008CE942 /* uF_Hhpvx.png */; };
		84ADC60823ED9091008CE942 /* Page2ViewController.swift in Sources */ = {isa = PBXBuildFile; fileRef = 84ADC60723ED9091008CE942 /* Page2ViewController.swift */; };
		84ADC60A23ED9480008CE942 /* tesla-cybertruck-600x329.png in Resources */ = {isa = PBXBuildFile; fileRef = 84ADC60923ED9480008CE942 /* tesla-cybertruck-600x329.png */; };
		84ADC60C23ED9493008CE942 /* background.jpg in Resources */ = {isa = PBXBuildFile; fileRef = 84ADC60B23ED9492008CE942 /* background.jpg */; };
/* End PBXBuildFile section */

/* Begin PBXFileReference section */
		84ADC5EA23ED8265008CE942 /* Business_Week06.app */ = {isa = PBXFileReference; explicitFileType = wrapper.application; includeInIndex = 0; path = Business_Week06.app; sourceTree = BUILT_PRODUCTS_DIR; };
		84ADC5ED23ED8265008CE942 /* AppDelegate.swift */ = {isa = PBXFileReference; lastKnownFileType = sourcecode.swift; path = AppDelegate.swift; sourceTree = "<group>"; };
		84ADC5EF23ED8265008CE942 /* SceneDelegate.swift */ = {isa = PBXFileReference; lastKnownFileType = sourcecode.swift; path = SceneDelegate.swift; sourceTree = "<group>"; };
		84ADC5F123ED8265008CE942 /* ViewController.swift */ = {isa = PBXFileReference; lastKnownFileType = sourcecode.swift; path = ViewController.swift; sourceTree = "<group>"; };
		84ADC5F423ED8265008CE942 /* Base */ = {isa = PBXFileReference; lastKnownFileType = file.storyboard; name = Base; path = Base.lproj/Main.storyboard; sourceTree = "<group>"; };
		84ADC5F623ED8290008CE942 /* Assets.xcassets */ = {isa = PBXFileReference; lastKnownFileType = folder.assetcatalog; path = Assets.xcassets; sourceTree = "<group>"; };
		84ADC5F923ED8290008CE942 /* Base */ = {isa = PBXFileReference; lastKnownFileType = file.storyboard; name = Base; path = Base.lproj/LaunchScreen.storyboard; sourceTree = "<group>"; };
		84ADC5FB23ED8290008CE942 /* Info.plist */ = {isa = PBXFileReference; lastKnownFileType = text.plist.xml; path = Info.plist; sourceTree = "<group>"; };
		84ADC60123ED8465008CE942 /* 800px-Tesla_Motors.svg.png */ = {isa = PBXFileReference; lastKnownFileType = image.png; path = "800px-Tesla_Motors.svg.png"; sourceTree = "<group>"; };
		84ADC60323ED8476008CE942 /* uF_Hhpvx.png */ = {isa = PBXFileReference; lastKnownFileType = image.png; path = uF_Hhpvx.png; sourceTree = "<group>"; };
		84ADC60723ED9091008CE942 /* Page2ViewController.swift */ = {isa = PBXFileReference; lastKnownFileType = sourcecode.swift; path = Page2ViewController.swift; sourceTree = "<group>"; };
		84ADC60923ED9480008CE942 /* tesla-cybertruck-600x329.png */ = {isa = PBXFileReference; lastKnownFileType = image.png; path = "tesla-cybertruck-600x329.png"; sourceTree = "<group>"; };
		84ADC60B23ED9492008CE942 /* background.jpg */ = {isa = PBXFileReference; lastKnownFileType = image.jpeg; path = background.jpg; sourceTree = "<group>"; };
/* End PBXFileReference section */

/* Begin PBXFrameworksBuildPhase section */
		84ADC5E723ED8265008CE942 /* Frameworks */ = {
			isa = PBXFrameworksBuildPhase;
			buildActionMask = 2147483647;
			files = (
			);
			runOnlyForDeploymentPostprocessing = 0;
		};
/* End PBXFrameworksBuildPhase section */

/* Begin PBXGroup section */
		84ADC5E123ED8265008CE942 = {
			isa = PBXGroup;
			children = (
				84ADC5EC23ED8265008CE942 /* Business_Week06 */,
				84ADC5EB23ED8265008CE942 /* Products */,
			);
			sourceTree = "<group>";
		};
		84ADC5EB23ED8265008CE942 /* Products */ = {
			isa = PBXGroup;
			children = (
				84ADC5EA23ED8265008CE942 /* Business_Week06.app */,
			);
			name = Products;
			sourceTree = "<group>";
		};
		84ADC5EC23ED8265008CE942 /* Business_Week06 */ = {
			isa = PBXGroup;
			children = (
				84ADC5ED23ED8265008CE942 /* AppDelegate.swift */,
				84ADC5EF23ED8265008CE942 /* SceneDelegate.swift */,
				84ADC5F123ED8265008CE942 /* ViewController.swift */,
				84ADC5F323ED8265008CE942 /* Main.storyboard */,
				84ADC60323ED8476008CE942 /* uF_Hhpvx.png */,
				84ADC5F623ED8290008CE942 /* Assets.xcassets */,
				84ADC60123ED8465008CE942 /* 800px-Tesla_Motors.svg.png */,
				84ADC5F823ED8290008CE942 /* LaunchScreen.storyboard */,
				84ADC5FB23ED8290008CE942 /* Info.plist */,
				84ADC60923ED9480008CE942 /* tesla-cybertruck-600x329.png */,
				84ADC60723ED9091008CE942 /* Page2ViewController.swift */,
				84ADC60B23ED9492008CE942 /* background.jpg */,
			);
			path = Business_Week06;
			sourceTree = "<group>";
		};
/* End PBXGroup section */

/* Begin PBXNativeTarget section */
		84ADC5E923ED8265008CE942 /* Business_Week06 */ = {
			isa = PBXNativeTarget;
			buildConfigurationList = 84ADC5FE23ED8290008CE942 /* Build configuration list for PBXNativeTarget "Business_Week06" */;
			buildPhases = (
				84ADC5E623ED8265008CE942 /* Sources */,
				84ADC5E723ED8265008CE942 /* Frameworks */,
				84ADC5E823ED8265008CE942 /* Resources */,
			);
			buildRules = (
			);
			dependencies = (
			);
			name = Business_Week06;
			productName = Business_Week06;
			productReference = 84ADC5EA23ED8265008CE942 /* Business_Week06.app */;
			productType = "com.apple.product-type.application";
		};
/* End PBXNativeTarget section */

/* Begin PBXProject section */
		84ADC5E223ED8265008CE942 /* Project object */ = {
			isa = PBXProject;
			attributes = {
				LastSwiftUpdateCheck = 1130;
				LastUpgradeCheck = 1130;
				ORGANIZATIONNAME = admin;
				TargetAttributes = {
					84ADC5E923ED8265008CE942 = {
						CreatedOnToolsVersion = 11.3.1;
					};
				};
			};
			buildConfigurationList = 84ADC5E523ED8265008CE942 /* Build configuration list for PBXProject "Business_Week06" */;
			compatibilityVersion = "Xcode 9.3";
			developmentRegion = en;
			hasScannedForEncodings = 0;
			knownRegions = (
				en,
				Base,
			);
			mainGroup = 84ADC5E123ED8265008CE942;
			productRefGroup = 84ADC5EB23ED8265008CE942 /* Products */;
			projectDirPath = "";
			projectRoot = "";
			targets = (
				84ADC5E923ED8265008CE942 /* Business_Week06 */,
			);
		};
/* End PBXProject section */

/* Begin PBXResourcesBuildPhase section */
		84ADC5E823ED8265008CE942 /* Resources */ = {
			isa = PBXResourcesBuildPhase;
			buildActionMask = 2147483647;
			files = (
				84ADC60A23ED9480008CE942 /* tesla-cybertruck-600x329.png in Resources */,
				84ADC60223ED8466008CE942 /* 800px-Tesla_Motors.svg.png in Resources */,
				84ADC60C23ED9493008CE942 /* background.jpg in Resources */,
				84ADC5FA23ED8290008CE942 /* LaunchScreen.storyboard in Resources */,
				84ADC60423ED8476008CE942 /* uF_Hhpvx.png in Resources */,
				84ADC5F723ED8290008CE942 /* Assets.xcassets in Resources */,
				84ADC5F523ED8265008CE942 /* Main.storyboard in Resources */,
			);
			runOnlyForDeploymentPostprocessing = 0;
		};
/* End PBXResourcesBuildPhase section */

/* Begin PBXSourcesBuildPhase section */
		84ADC5E623ED8265008CE942 /* Sources */ = {
			isa = PBXSourcesBuildPhase;
			buildActionMask = 2147483647;
			files = (
				84ADC5F223ED8265008CE942 /* ViewController.swift in Sources */,
				84ADC5EE23ED8265008CE942 /* AppDelegate.swift in Sources */,
				84ADC60823ED9091008CE942 /* Page2ViewController.swift in Sources */,
				84ADC5F023ED8265008CE942 /* SceneDelegate.swift in Sources */,
			);
			runOnlyForDeploymentPostprocessing = 0;
		};
/* End PBXSourcesBuildPhase section */

/* Begin PBXVariantGroup section */
		84ADC5F323ED8265008CE942 /* Main.storyboard */ = {
			isa = PBXVariantGroup;
			children = (
				84ADC5F423ED8265008CE942 /* Base */,
			);
			name = Main.storyboard;
			sourceTree = "<group>";
		};
		84ADC5F823ED8290008CE942 /* LaunchScreen.storyboard */ = {
			isa = PBXVariantGroup;
			children = (
				84ADC5F923ED8290008CE942 /* Base */,
			);
			name = LaunchScreen.storyboard;
			sourceTree = "<group>";
		};
/* End PBXVariantGroup section */

/* Begin XCBuildConfiguration section */
		84ADC5FC23ED8290008CE942 /* Debug */ = {
			isa = XCBuildConfiguration;
			buildSettings = {
				ALWAYS_SEARCH_USER_PATHS = NO;
				CLANG_ANALYZER_NONNULL = YES;
				CLANG_ANALYZER_NUMBER_OBJECT_CONVERSION = YES_AGGRESSIVE;
				CLANG_CXX_LANGUAGE_STANDARD = "gnu++14";
				CLANG_CXX_LIBRARY = "libc++";
				CLANG_ENABLE_MODULES = YES;
				CLANG_ENABLE_OBJC_ARC = YES;
				CLANG_ENABLE_OBJC_WEAK = YES;
				CLANG_WARN_BLOCK_CAPTURE_AUTORELEASING = YES;
				CLANG_WARN_BOOL_CONVERSION = YES;
				CLANG_WARN_COMMA = YES;
				CLANG_WARN_CONSTANT_CONVERSION = YES;
				CLANG_WARN_DEPRECATED_OBJC_IMPLEMENTATIONS = YES;
				CLANG_WARN_DIRECT_OBJC_ISA_USAGE = YES_ERROR;
				CLANG_WARN_DOCUMENTATION_COMMENTS = YES;
				CLANG_WARN_EMPTY_BODY = YES;
				CLANG_WARN_ENUM_CONVERSION = YES;
				CLANG_WARN_INFINITE_RECURSION = YES;
				CLANG_WARN_INT_CONVERSION = YES;
				CLANG_WARN_NON_LITERAL_NULL_CONVERSION = YES;
				CLANG_WARN_OBJC_IMPLICIT_RETAIN_SELF = YES;
				CLANG_WARN_OBJC_LITERAL_CONVERSION = YES;
				CLANG_WARN_OBJC_ROOT_CLASS = YES_ERROR;
				CLANG_WARN_RANGE_LOOP_ANALYSIS = YES;
				CLANG_WARN_STRICT_PROTOTYPES = YES;
				CLANG_WARN_SUSPICIOUS_MOVE = YES;
				CLANG_WARN_UNGUARDED_AVAILABILITY = YES_AGGRESSIVE;
				CLANG_WARN_UNREACHABLE_CODE = YES;
				CLANG_WARN__DUPLICATE_METHOD_MATCH = YES;
				COPY_PHASE_STRIP = NO;
				DEBUG_INFORMATION_FORMAT = dwarf;
				ENABLE_STRICT_OBJC_MSGSEND = YES;
				ENABLE_TESTABILITY = YES;
				GCC_C_LANGUAGE_STANDARD = gnu11;
				GCC_DYNAMIC_NO_PIC = NO;
				GCC_NO_COMMON_BLOCKS = YES;
				GCC_OPTIMIZATION_LEVEL = 0;
				GCC_PREPROCESSOR_DEFINITIONS = (
					"DEBUG=1",
					"$(inherited)",
				);
				GCC_WARN_64_TO_32_BIT_CONVERSION = YES;
				GCC_WARN_ABOUT_RETURN_TYPE = YES_ERROR;
				GCC_WARN_UNDECLARED_SELECTOR = YES;
				GCC_WARN_UNINITIALIZED_AUTOS = YES_AGGRESSIVE;
				GCC_WARN_UNUSED_FUNCTION = YES;
				GCC_WARN_UNUSED_VARIABLE = YES;
				IPHONEOS_DEPLOYMENT_TARGET = 13.2;
				MTL_ENABLE_DEBUG_INFO = INCLUDE_SOURCE;
				MTL_FAST_MATH = YES;
				ONLY_ACTIVE_ARCH = YES;
				SDKROOT = iphoneos;
				SWIFT_ACTIVE_COMPILATION_CONDITIONS = DEBUG;
				SWIFT_OPTIMIZATION_LEVEL = "-Onone";
			};
			name = Debug;
		};
		84ADC5FD23ED8290008CE942 /* Release */ = {
			isa = XCBuildConfiguration;
			buildSettings = {
				ALWAYS_SEARCH_USER_PATHS = NO;
				CLANG_ANALYZER_NONNULL = YES;
				CLANG_ANALYZER_NUMBER_OBJECT_CONVERSION = YES_AGGRESSIVE;
				CLANG_CXX_LANGUAGE_STANDARD = "gnu++14";
				CLANG_CXX_LIBRARY = "libc++";
				CLANG_ENABLE_MODULES = YES;
				CLANG_ENABLE_OBJC_ARC = YES;
				CLANG_ENABLE_OBJC_WEAK = YES;
				CLANG_WARN_BLOCK_CAPTURE_AUTORELEASING = YES;
				CLANG_WARN_BOOL_CONVERSION = YES;
				CLANG_WARN_COMMA = YES;
				CLANG_WARN_CONSTANT_CONVERSION = YES;
				CLANG_WARN_DEPRECATED_OBJC_IMPLEMENTATIONS = YES;
				CLANG_WARN_DIRECT_OBJC_ISA_USAGE = YES_ERROR;
				CLANG_WARN_DOCUMENTATION_COMMENTS = YES;
				CLANG_WARN_EMPTY_BODY = YES;
				CLANG_WARN_ENUM_CONVERSION = YES;
				CLANG_WARN_INFINITE_RECURSION = YES;
				CLANG_WARN_INT_CONVERSION = YES;
				CLANG_WARN_NON_LITERAL_NULL_CONVERSION = YES;
				CLANG_WARN_OBJC_IMPLICIT_RETAIN_SELF = YES;
				CLANG_WARN_OBJC_LITERAL_CONVERSION = YES;
				CLANG_WARN_OBJC_ROOT_CLASS = YES_ERROR;
				CLANG_WARN_RANGE_LOOP_ANALYSIS = YES;
				CLANG_WARN_STRICT_PROTOTYPES = YES;
				CLANG_WARN_SUSPICIOUS_MOVE = YES;
				CLANG_WARN_UNGUARDED_AVAILABILITY = YES_AGGRESSIVE;
				CLANG_WARN_UNREACHABLE_CODE = YES;
				CLANG_WARN__DUPLICATE_METHOD_MATCH = YES;
				COPY_PHASE_STRIP = NO;
				DEBUG_INFORMATION_FORMAT = "dwarf-with-dsym";
				ENABLE_NS_ASSERTIONS = NO;
				ENABLE_STRICT_OBJC_MSGSEND = YES;
				GCC_C_LANGUAGE_STANDARD = gnu11;
				GCC_NO_COMMON_BLOCKS = YES;
				GCC_WARN_64_TO_32_BIT_CONVERSION = YES;
				GCC_WARN_ABOUT_RETURN_TYPE = YES_ERROR;
				GCC_WARN_UNDECLARED_SELECTOR = YES;
				GCC_WARN_UNINITIALIZED_AUTOS = YES_AGGRESSIVE;
				GCC_WARN_UNUSED_FUNCTION = YES;
				GCC_WARN_UNUSED_VARIABLE = YES;
				IPHONEOS_DEPLOYMENT_TARGET = 13.2;
				MTL_ENABLE_DEBUG_INFO = NO;
				MTL_FAST_MATH = YES;
				SDKROOT = iphoneos;
				SWIFT_COMPILATION_MODE = wholemodule;
				SWIFT_OPTIMIZATION_LEVEL = "-O";
				VALIDATE_PRODUCT = YES;
			};
			name = Release;
		};
		84ADC5FF23ED8290008CE942 /* Debug */ = {
			isa = XCBuildConfiguration;
			buildSettings = {
				ASSETCATALOG_COMPILER_APPICON_NAME = AppIcon;
				CODE_SIGN_STYLE = Automatic;
				INFOPLIST_FILE = Business_Week06/Info.plist;
				LD_RUNPATH_SEARCH_PATHS = (
					"$(inherited)",
					"@executable_path/Frameworks",
				);
				PRODUCT_BUNDLE_IDENTIFIER = "oliver.Business-Week06";
				PRODUCT_NAME = "$(TARGET_NAME)";
				SWIFT_VERSION = 5.0;
				TARGETED_DEVICE_FAMILY = "1,2";
			};
			name = Debug;
		};
		84ADC60023ED8290008CE942 /* Release */ = {
			isa = XCBuildConfiguration;
			buildSettings = {
				ASSETCATALOG_COMPILER_APPICON_NAME = AppIcon;
				CODE_SIGN_STYLE = Automatic;
				INFOPLIST_FILE = Business_Week06/Info.plist;
				LD_RUNPATH_SEARCH_PATHS = (
					"$(inherited)",
					"@executable_path/Frameworks",
				);
				PRODUCT_BUNDLE_IDENTIFIER = "oliver.Business-Week06";
				PRODUCT_NAME = "$(TARGET_NAME)";
				SWIFT_VERSION = 5.0;
				TARGETED_DEVICE_FAMILY = "1,2";
			};
			name = Release;
		};
/* End XCBuildConfiguration section */

/* Begin XCConfigurationList section */
		84ADC5E523ED8265008CE942 /* Build configuration list for PBXProject "Business_Week06" */ = {
			isa = XCConfigurationList;
			buildConfigurations = (
				84ADC5FC23ED8290008CE942 /* Debug */,
				84ADC5FD23ED8290008CE942 /* Release */,
			);
			defaultConfigurationIsVisible = 0;
			defaultConfigurationName = Release;
		};
		84ADC5FE23ED8290008CE942 /* Build configuration list for PBXNativeTarget "Business_Week06" */ = {
			isa = XCConfigurationList;
			buildConfigurations = (
				84ADC5FF23ED8290008CE942 /* Debug */,
				84ADC60023ED8290008CE942 /* Release */,
			);
			defaultConfigurationIsVisible = 0;
			defaultConfigurationName = Release;
		};
/* End XCConfigurationList section */
	};
	rootObject = 84ADC5E223ED8265008CE942 /* Project object */;
}
